{
  "version": 4,
  "terraform_version": "1.6.6",
  "serial": 425,
  "lineage": "b1fbf80a-719e-6727-5780-754bc02fa0ba",
  "outputs": {},
  "resources": [
    {
      "mode": "managed",
      "type": "local_file",
      "name": "private_key",
      "provider": "provider[\"registry.terraform.io/hashicorp/local\"]",
      "instances": [
        {
          "schema_version": 0,
          "attributes": {
            "content": "-----BEGIN RSA PRIVATE KEY-----\nMIIJKAIBAAKCAgEApkeUzeYIeNcU84z6F7fC6h+5k3YP3Se9Sx9YElJVPY3kGXdw\nBDNy0rdLjCRIJs47KBF3SSU9eY+UNppPZxjvWa/3JnEYTnOVKbN9b8QeRcw9eFDB\ntmj+EWyPvmq1x1WejGwCBA9aMkcG7MKMgVrqHHDjbzQahToW/LW8D5G85QWpP1Ba\n4kePB6auIV365UkZUUZbfI3dwplYTCWPJa8AZLkojWiOpsTXGIhUesjmXtGBh0s9\neAbPEhZs2OHT2hiSpg8QY1OWYnqWZeTFGkjwQX8VGUAEOoTiYkfF1U3fuj1LdDLK\n1gDUUlgu0BimYBk5IaTn+GhjtrP1ZlVQpF48IYJ2tqXioMvL6qWpcmow5LLqYsy3\n+nqtaXr9UuPSnlVXvX4kKz+mb4Q9v+J1xNjaXIhvr/iTiewM25CMKVVZK/RKeFOE\npV4+8P6AUAeLMVkbba06QbG+nPR2JkRLtxC1uvpi7uQsD2Yle2v4if8DJDNkgrA9\n4dEqkQ4EsGkIzloA8xHmC1O7TXhBZXgJmJnssmAunUXpoMgM9AhAuLTe96F/Di5e\nho/C4abyxFCcnc+lC91Ugm9e/xNz+5h/MDt1evOHpHRKl+aPOYkP1aW6DyNq0hHT\nj1NC33/7iJ6FNW2JUOcAByQWyTt3pL7Ug/eRUmYUCBgbA5GfpsFwYb2URz0CAwEA\nAQKCAgAwlQF5FxiqlczdS/dWLq6YUSSbXQdNimrYJBRLZhrZnTdj6W2lDJMj1cIQ\n9BjQnbjTACdmC6dmePjI61T/vl1QSwVfCfQcF9EhGfwwR5DAu+fJ2259qTdyR9HH\nxM3Pq8hjJruADCxCPFZdnooG0VVNcf5BY2vMOSi2NTL5KY+TKpBEm2mya03y4lRG\nE3tWuoDXKkNYpOqCDOOre93TGMp4o1Ch4Eatmx1tYYetSD1mvrelm+odw3+EvWCY\nDYMkWcGfGw+ita1eoIqIwsqD34Oy3zp+4iFaJ7EtHeNDazlO5NHC5YQ1+pAObw1e\nZ5VUxonWtqPABF/95Z5xg8PIAnB2sVvG4Kja0juNisWZecaHmKh6c9T4ISjLlc1A\nR0c6OmODceCEuTa1u4Sd3KUKlnNjUnfaLrLFUK66aZscdn4Un2w+mq1XHef/3qX1\n8lonNN+z/zt5Hl/cwlnfr9/X/B01VzQ2fRZewTk8TSZtiZAZA649OnXNsQmqV8ZP\nW6OnQthPWBfA3n3uRDDc7NHwkvboT1AkVn+qv6j3VXM8cFZ6bl348UHk4QxaTJR/\nTS9jRn1iKkXH7ufZ6FaKS9G0hlCG4VEXXbURYRFlEGVVdk62U6PCwj0AZv7UjEUE\nuvQ59dSPFyebpPbAmpsfQO/WpU0LoxKM3bYn/KTuzfFoW5XS0QKCAQEAyb6tDU9C\njKluFFkj0DLHiB7/VYoy1cAESZvYbsqUBalV8/zr6Rz0G2MwQfou+pXMcAUy/4+5\nUXAwU08sGiLHq9OlhzsF1cDxCGhCfuhHYh8lkNH+D8npUYmWjXbZKPqFcwoY3Mxx\n93HxCYqGp7t+5LfacVlY5yHdQtYq0szoRxuK832KdgFwp2rLNa5bzOahuXAepDpM\nk9wBRNGPyUsaBuDr9zZoRjXdMrC0O2UNvFSCR9mZ09qmCRctHtnLGyLlbJ1uT8Ce\nQ/gagD8eoATBfw42gjdk7V0ub7Q79AhNi3puWPX6PAMipuW3NP6FOmqMQNOuQHp8\nHtEjN4hEEn+hwwKCAQEA0v9EaojXAzUZmhh49vAH5MpiZE8LNlJ1hcIV6T7+5heS\nTbk1Qs+o1hQIGKmxoVRsFGqIb7lEH8WlMRQM/GUkuxwY7Bubo6vA4AlWolupAHc3\nYvO7BlI/IaHTO9aGyjIEpOZREI9tM1c3g9Et2zBLd4qvuSghEziFJDbSkcFJuUW+\nv38cnjXC52rvpC7irZXgpthUS4gPLCxc1PDRs/mLSi5fnmKYSP/lsRQuHXhfRzus\nFPkIvRqqAP9zsPFGpLhxrAd0dfr8mfF4iG+FL3jq/zF44WGgDNAXs0JQCRP4Kpgm\nsJqC0XoYCvlvz3oEqOMqQUxUtHOVsI/Kkp7tT4zi/wKCAQANzmu/Xm46fBnZcKQ/\nyknXae+lZfjGogZpFy4/nsN0g7srIGLwqBeYjDgwO7PdWEUOYXy0+pv/E8Nq4B8v\nhrPNcYWBdKuYjkSwg5oRX0oLUABdIdHWOMYr21OfSMPhxws87TL4YVFnUrfhJEbE\n0dMESgS7/xZTcwDWYxu5I2a9/weKVEwWeVDBVFCl0tHbeukUbLTcHlVBRSwdDo5d\ngzM7x0a+u011iJgjsO4UpnzDJ7Fmw2CAnBUCyEBBPTxmFgRHY5q6AH+UPTVrE2bA\nIrMvQ8S9MpdImzjjUh1MPQk5g15r3iGK29gSPeREzypE7ie9A/+H0BoQbdWQJlYq\nQevLAoIBAQC74l8T1qJP0trnYt9kVL1St/0BgXlkd+z6nKdSOaxVS6wV1dRdl/iq\nGNBU1da86CYN0AeKJRlKiX7dwxMFNTOOAikXJkZjai+nz+j7Tk+hgIcrcAmcSWS6\nGBW29QK1zfBgvk51RqJg00s17/C7e7fXzQFJCTjamrvEUaUT8WAqwLZoY1Iid5EE\n7S5TrwReulV/fKcjUxbfqOlJHOA/OPkVp1GyAe3FI0lvc57U0zlUfwhu7IshiTrV\nBKQKbe8QAsYF/+VuoX6JvoIsS9H3Qd9QOsd/OqWAg1R3ZZdLXiLgGvhozk2rJuN9\n8jvkLq0zjoUz/Dp5LWuf+4rRIQAElFoVAoIBAB3ug1q7tAgqX6OxdmAFsx/T/x21\nH7Q/e6g2QWs9ffb5J+axateN5gBjrhyqA4UiYvpstRBvzmdh5R6cxEKAV5CPekhc\nIfiQ0eOqQwlhXujSjMqkc8uRd3BV4GVJ82blXwv3m3NPMby2p9gX+nDcFzcIvVti\nIe9pViRjmT7R/BqXBzsbthjHKG2hTeJQ2Q0aY7YEmLB8eP/6cg/UmZn79j3IEQue\nVUQLUZLX8qsuBjHKvTzx5SZHJbsCX7eK+ix4RIqIHyi3efxahr2/xM2yyofWQRnj\nCPGffdusQeJcZTTvfJpZFyKgwPDrdiXuwsO10Fa3EaEkek9Cf4572lhcYEk=\n-----END RSA PRIVATE KEY-----\n",
            "content_base64": null,
            "content_base64sha256": "Gen11v/blzD5goWYyA5wu1I2qO+N/jKwPsN67z1jdQE=",
            "content_base64sha512": "cohW8lWe7xlFg/ccbPlyTVPalbUQs8rIVRVP1LPzdmumIWkKxP6AlM/RsuAEr9UqjzSeQhfrug/sbe75dsyVeg==",
            "content_md5": "81e627b5a0bc8544a5956ab4bc4c297d",
            "content_sha1": "68645d678648db4be81b830e37ecbad8b8a03c58",
            "content_sha256": "19e9f5d6ffdb9730f9828598c80e70bb5236a8ef8dfe32b03ec37aef3d637501",
            "content_sha512": "728856f2559eef194583f71c6cf9724d53da95b510b3cac855154fd4b3f3766ba621690ac4fe8094cfd1b2e004afd52a8f349e4217ebba0fec6deef976cc957a",
            "directory_permission": "0777",
            "file_permission": "0600",
            "filename": "./qa-private-key.pem",
            "id": "68645d678648db4be81b830e37ecbad8b8a03c58",
            "sensitive_content": null,
            "source": null
          },
          "sensitive_attributes": [
            [
              {
                "type": "get_attr",
                "value": "content"
              }
            ]
          ],
          "dependencies": [
            "module.ec2_keys.tls_private_key.ssh_key"
          ]
        }
      ]
    },
    {
      "mode": "managed",
      "type": "local_file",
      "name": "public_key",
      "provider": "provider[\"registry.terraform.io/hashicorp/local\"]",
      "instances": [
        {
          "schema_version": 0,
          "attributes": {
            "content": "ssh-rsa AAAAB3NzaC1yc2EAAAADAQABAAACAQCmR5TN5gh41xTzjPoXt8LqH7mTdg/dJ71LH1gSUlU9jeQZd3AEM3LSt0uMJEgmzjsoEXdJJT15j5Q2mk9nGO9Zr/cmcRhOc5Ups31vxB5FzD14UMG2aP4RbI++arXHVZ6MbAIED1oyRwbswoyBWuoccONvNBqFOhb8tbwPkbzlBak/UFriR48Hpq4hXfrlSRlRRlt8jd3CmVhMJY8lrwBkuSiNaI6mxNcYiFR6yOZe0YGHSz14Bs8SFmzY4dPaGJKmDxBjU5ZiepZl5MUaSPBBfxUZQAQ6hOJiR8XVTd+6PUt0MsrWANRSWC7QGKZgGTkhpOf4aGO2s/VmVVCkXjwhgna2peKgy8vqpalyajDksupizLf6eq1pev1S49KeVVe9fiQrP6ZvhD2/4nXE2NpciG+v+JOJ7AzbkIwpVVkr9Ep4U4SlXj7w/oBQB4sxWRttrTpBsb6c9HYmREu3ELW6+mLu5CwPZiV7a/iJ/wMkM2SCsD3h0SqRDgSwaQjOWgDzEeYLU7tNeEFleAmYmeyyYC6dRemgyAz0CEC4tN73oX8OLl6Gj8LhpvLEUJydz6UL3VSCb17/E3P7mH8wO3V684ekdEqX5o85iQ/VpboPI2rSEdOPU0Lff/uInoU1bYlQ5wAHJBbJO3ekvtSD95FSZhQIGBsDkZ+mwXBhvZRHPQ==\n",
            "content_base64": null,
            "content_base64sha256": "3WoI+/wcypqgBOgDdHAlhYtd89+gOjFDgeWv+H+3aCw=",
            "content_base64sha512": "0+UpbHeXVRsKUJ3IRLC5YJEPHJrB21YACFjVOCeRd6YYQeh7a+e7HNZJz3t1i796IItAtXRvncIFF3rAlTWkwQ==",
            "content_md5": "f64f0eed21296a2d2a3e50c1c500c8e3",
            "content_sha1": "29ef0db6a1ddfc05aafd7f4c1d304cd0be510727",
            "content_sha256": "dd6a08fbfc1cca9aa004e803747025858b5df3dfa03a314381e5aff87fb7682c",
            "content_sha512": "d3e5296c7797551b0a509dc844b0b960910f1c9ac1db56000858d538279177a61841e87b6be7bb1cd649cf7b758bbf7a208b40b5746f9dc205177ac09535a4c1",
            "directory_permission": "0777",
            "file_permission": "0777",
            "filename": "./qa-public-key.pub",
            "id": "29ef0db6a1ddfc05aafd7f4c1d304cd0be510727",
            "sensitive_content": null,
            "source": null
          },
          "sensitive_attributes": [],
          "dependencies": [
            "module.ec2_keys.tls_private_key.ssh_key"
          ]
        }
      ]
    },
    {
      "module": "module.ebs",
      "mode": "managed",
      "type": "aws_ebs_volume",
      "name": "ebs_volume",
      "provider": "provider[\"registry.terraform.io/hashicorp/aws\"]",
      "instances": [
        {
          "schema_version": 0,
          "attributes": {
            "arn": "arn:aws:ec2:ap-south-1:194978441177:volume/vol-0487d196004b9c417",
            "availability_zone": "ap-south-1a",
            "encrypted": false,
            "final_snapshot": false,
            "id": "vol-0487d196004b9c417",
            "iops": 100,
            "kms_key_id": "",
            "multi_attach_enabled": false,
            "outpost_arn": "",
            "size": 10,
            "snapshot_id": "",
            "tags": {
              "Name": "qa-ebs"
            },
            "tags_all": {
              "Name": "qa-ebs"
            },
            "throughput": 0,
            "timeouts": null,
            "type": "gp2"
          },
          "sensitive_attributes": [],
          "private": "eyJlMmJmYjczMC1lY2FhLTExZTYtOGY4OC0zNDM2M2JjN2M0YzAiOnsiY3JlYXRlIjozMDAwMDAwMDAwMDAsImRlbGV0ZSI6MzAwMDAwMDAwMDAwLCJ1cGRhdGUiOjMwMDAwMDAwMDAwMH19"
        }
      ]
    },
    {
      "module": "module.ebs_attached",
      "mode": "managed",
      "type": "aws_volume_attachment",
      "name": "ebs_attachment",
      "provider": "provider[\"registry.terraform.io/hashicorp/aws\"]",
      "instances": [
        {
          "schema_version": 0,
          "attributes": {
            "device_name": "/dev/sdh",
            "force_detach": null,
            "id": "vai-325698374",
            "instance_id": "i-04f8ca78ad726fa7c",
            "skip_destroy": null,
            "stop_instance_before_detaching": null,
            "timeouts": null,
            "volume_id": "vol-0487d196004b9c417"
          },
          "sensitive_attributes": [],
          "private": "eyJlMmJmYjczMC1lY2FhLTExZTYtOGY4OC0zNDM2M2JjN2M0YzAiOnsiY3JlYXRlIjozMDAwMDAwMDAwMDAsImRlbGV0ZSI6MzAwMDAwMDAwMDAwfX0=",
          "dependencies": [
            "module.ebs.aws_ebs_volume.ebs_volume",
            "module.ec2.aws_instance.ec2_instance",
            "module.ec2_keys.aws_key_pair.generated_key",
            "module.ec2_keys.tls_private_key.ssh_key",
            "module.security_group.aws_security_group.sg",
            "module.vpc-subnets.aws_subnet.web_public_subnet_01",
            "module.vpc-subnets.data.aws_availability_zones.available_zone",
            "module.vpc.aws_vpc.qa-main"
          ]
        }
      ]
    },
    {
      "module": "module.ec2",
      "mode": "managed",
      "type": "aws_instance",
      "name": "ec2_instance",
      "provider": "provider[\"registry.terraform.io/hashicorp/aws\"]",
      "instances": [
        {
          "schema_version": 1,
          "attributes": {
            "ami": "ami-0d1622042e957c247",
            "arn": "arn:aws:ec2:ap-south-1:194978441177:instance/i-04f8ca78ad726fa7c",
            "associate_public_ip_address": true,
            "availability_zone": "ap-south-1a",
            "capacity_reservation_specification": [
              {
                "capacity_reservation_preference": "open",
                "capacity_reservation_target": []
              }
            ],
            "cpu_core_count": 1,
            "cpu_options": [
              {
                "amd_sev_snp": "",
                "core_count": 1,
                "threads_per_core": 1
              }
            ],
            "cpu_threads_per_core": 1,
            "credit_specification": [
              {
                "cpu_credits": "standard"
              }
            ],
            "disable_api_stop": false,
            "disable_api_termination": false,
            "ebs_block_device": [
              {
                "delete_on_termination": false,
                "device_name": "/dev/sdh",
                "encrypted": false,
                "iops": 100,
                "kms_key_id": "",
                "snapshot_id": "",
                "tags": {
                  "Name": "qa-ebs"
                },
                "tags_all": {
                  "Name": "qa-ebs"
                },
                "throughput": 0,
                "volume_id": "vol-0487d196004b9c417",
                "volume_size": 10,
                "volume_type": "gp2"
              }
            ],
            "ebs_optimized": false,
            "enclave_options": [
              {
                "enabled": false
              }
            ],
            "ephemeral_block_device": [],
            "get_password_data": false,
            "hibernation": false,
            "host_id": "",
            "host_resource_group_arn": null,
            "iam_instance_profile": "",
            "id": "i-04f8ca78ad726fa7c",
            "instance_initiated_shutdown_behavior": "stop",
            "instance_lifecycle": "",
            "instance_market_options": [],
            "instance_state": "running",
            "instance_type": "t2.micro",
            "ipv6_address_count": 0,
            "ipv6_addresses": [],
            "key_name": "qa-key",
            "launch_template": [],
            "maintenance_options": [
              {
                "auto_recovery": "default"
              }
            ],
            "metadata_options": [
              {
                "http_endpoint": "enabled",
                "http_protocol_ipv6": "disabled",
                "http_put_response_hop_limit": 1,
                "http_tokens": "optional",
                "instance_metadata_tags": "disabled"
              }
            ],
            "monitoring": false,
            "network_interface": [],
            "outpost_arn": "",
            "password_data": "",
            "placement_group": "",
            "placement_partition_number": 0,
            "primary_network_interface_id": "eni-0ba056c120eb1ad8b",
            "private_dns": "ip-10-22-11-18.ap-south-1.compute.internal",
            "private_dns_name_options": [
              {
                "enable_resource_name_dns_a_record": false,
                "enable_resource_name_dns_aaaa_record": false,
                "hostname_type": "ip-name"
              }
            ],
            "private_ip": "10.22.11.18",
            "public_dns": "ec2-65-0-94-20.ap-south-1.compute.amazonaws.com",
            "public_ip": "65.0.94.20",
            "root_block_device": [
              {
                "delete_on_termination": true,
                "device_name": "/dev/xvda",
                "encrypted": false,
                "iops": 100,
                "kms_key_id": "",
                "tags": {},
                "tags_all": {},
                "throughput": 0,
                "volume_id": "vol-03ea77dd9d885affa",
                "volume_size": 8,
                "volume_type": "gp2"
              }
            ],
            "secondary_private_ips": [],
            "security_groups": [],
            "source_dest_check": true,
            "spot_instance_request_id": "",
            "subnet_id": "subnet-032b5fb83dc45e04f",
            "tags": {
              "Name": "qa-ec2-instance"
            },
            "tags_all": {
              "Name": "qa-ec2-instance"
            },
            "tenancy": "default",
            "timeouts": null,
            "user_data": null,
            "user_data_base64": null,
            "user_data_replace_on_change": false,
            "volume_tags": null,
            "vpc_security_group_ids": [
              "sg-0b1fa98424a320271"
            ]
          },
          "sensitive_attributes": [],
          "private": "eyJlMmJmYjczMC1lY2FhLTExZTYtOGY4OC0zNDM2M2JjN2M0YzAiOnsiY3JlYXRlIjo2MDAwMDAwMDAwMDAsImRlbGV0ZSI6MTIwMDAwMDAwMDAwMCwicmVhZCI6OTAwMDAwMDAwMDAwLCJ1cGRhdGUiOjYwMDAwMDAwMDAwMH0sInNjaGVtYV92ZXJzaW9uIjoiMSJ9",
          "dependencies": [
            "module.ec2_keys.aws_key_pair.generated_key",
            "module.ec2_keys.tls_private_key.ssh_key",
            "module.security_group.aws_security_group.sg",
            "module.vpc-subnets.aws_subnet.web_public_subnet_01",
            "module.vpc-subnets.data.aws_availability_zones.available_zone",
            "module.vpc.aws_vpc.qa-main"
          ]
        }
      ]
    },
    {
      "module": "module.ec2_keys",
      "mode": "managed",
      "type": "aws_key_pair",
      "name": "generated_key",
      "provider": "provider[\"registry.terraform.io/hashicorp/aws\"]",
      "instances": [
        {
          "schema_version": 1,
          "attributes": {
            "arn": "arn:aws:ec2:ap-south-1:194978441177:key-pair/qa-key",
            "fingerprint": "80:96:97:76:49:d8:d3:74:56:c9:69:fe:4b:20:ed:33",
            "id": "qa-key",
            "key_name": "qa-key",
            "key_name_prefix": "",
            "key_pair_id": "key-04ca730e1596d104a",
            "key_type": "rsa",
            "public_key": "ssh-rsa AAAAB3NzaC1yc2EAAAADAQABAAACAQCmR5TN5gh41xTzjPoXt8LqH7mTdg/dJ71LH1gSUlU9jeQZd3AEM3LSt0uMJEgmzjsoEXdJJT15j5Q2mk9nGO9Zr/cmcRhOc5Ups31vxB5FzD14UMG2aP4RbI++arXHVZ6MbAIED1oyRwbswoyBWuoccONvNBqFOhb8tbwPkbzlBak/UFriR48Hpq4hXfrlSRlRRlt8jd3CmVhMJY8lrwBkuSiNaI6mxNcYiFR6yOZe0YGHSz14Bs8SFmzY4dPaGJKmDxBjU5ZiepZl5MUaSPBBfxUZQAQ6hOJiR8XVTd+6PUt0MsrWANRSWC7QGKZgGTkhpOf4aGO2s/VmVVCkXjwhgna2peKgy8vqpalyajDksupizLf6eq1pev1S49KeVVe9fiQrP6ZvhD2/4nXE2NpciG+v+JOJ7AzbkIwpVVkr9Ep4U4SlXj7w/oBQB4sxWRttrTpBsb6c9HYmREu3ELW6+mLu5CwPZiV7a/iJ/wMkM2SCsD3h0SqRDgSwaQjOWgDzEeYLU7tNeEFleAmYmeyyYC6dRemgyAz0CEC4tN73oX8OLl6Gj8LhpvLEUJydz6UL3VSCb17/E3P7mH8wO3V684ekdEqX5o85iQ/VpboPI2rSEdOPU0Lff/uInoU1bYlQ5wAHJBbJO3ekvtSD95FSZhQIGBsDkZ+mwXBhvZRHPQ==",
            "tags": {
              "Name": "qa-key"
            },
            "tags_all": {
              "Name": "qa-key"
            }
          },
          "sensitive_attributes": [],
          "private": "eyJzY2hlbWFfdmVyc2lvbiI6IjEifQ==",
          "dependencies": [
            "module.ec2_keys.tls_private_key.ssh_key"
          ]
        }
      ]
    },
    {
      "module": "module.ec2_keys",
      "mode": "managed",
      "type": "tls_private_key",
      "name": "ssh_key",
      "provider": "provider[\"registry.terraform.io/hashicorp/tls\"]",
      "instances": [
        {
          "schema_version": 1,
          "attributes": {
            "algorithm": "RSA",
            "ecdsa_curve": "P224",
            "id": "33df3d4f4073b40781e8bbe619247f24f8fa4d9a",
            "private_key_openssh": "-----BEGIN OPENSSH PRIVATE KEY-----\nb3BlbnNzaC1rZXktdjEAAAAABG5vbmUAAAAEbm9uZQAAAAAAAAABAAACFwAAAAdz\nc2gtcnNhAAAAAwEAAQAAAgEApkeUzeYIeNcU84z6F7fC6h+5k3YP3Se9Sx9YElJV\nPY3kGXdwBDNy0rdLjCRIJs47KBF3SSU9eY+UNppPZxjvWa/3JnEYTnOVKbN9b8Qe\nRcw9eFDBtmj+EWyPvmq1x1WejGwCBA9aMkcG7MKMgVrqHHDjbzQahToW/LW8D5G8\n5QWpP1Ba4kePB6auIV365UkZUUZbfI3dwplYTCWPJa8AZLkojWiOpsTXGIhUesjm\nXtGBh0s9eAbPEhZs2OHT2hiSpg8QY1OWYnqWZeTFGkjwQX8VGUAEOoTiYkfF1U3f\nuj1LdDLK1gDUUlgu0BimYBk5IaTn+GhjtrP1ZlVQpF48IYJ2tqXioMvL6qWpcmow\n5LLqYsy3+nqtaXr9UuPSnlVXvX4kKz+mb4Q9v+J1xNjaXIhvr/iTiewM25CMKVVZ\nK/RKeFOEpV4+8P6AUAeLMVkbba06QbG+nPR2JkRLtxC1uvpi7uQsD2Yle2v4if8D\nJDNkgrA94dEqkQ4EsGkIzloA8xHmC1O7TXhBZXgJmJnssmAunUXpoMgM9AhAuLTe\n96F/Di5eho/C4abyxFCcnc+lC91Ugm9e/xNz+5h/MDt1evOHpHRKl+aPOYkP1aW6\nDyNq0hHTj1NC33/7iJ6FNW2JUOcAByQWyTt3pL7Ug/eRUmYUCBgbA5GfpsFwYb2U\nRz0AAAc4kPwmm5D8JpsAAAAHc3NoLXJzYQAAAgEApkeUzeYIeNcU84z6F7fC6h+5\nk3YP3Se9Sx9YElJVPY3kGXdwBDNy0rdLjCRIJs47KBF3SSU9eY+UNppPZxjvWa/3\nJnEYTnOVKbN9b8QeRcw9eFDBtmj+EWyPvmq1x1WejGwCBA9aMkcG7MKMgVrqHHDj\nbzQahToW/LW8D5G85QWpP1Ba4kePB6auIV365UkZUUZbfI3dwplYTCWPJa8AZLko\njWiOpsTXGIhUesjmXtGBh0s9eAbPEhZs2OHT2hiSpg8QY1OWYnqWZeTFGkjwQX8V\nGUAEOoTiYkfF1U3fuj1LdDLK1gDUUlgu0BimYBk5IaTn+GhjtrP1ZlVQpF48IYJ2\ntqXioMvL6qWpcmow5LLqYsy3+nqtaXr9UuPSnlVXvX4kKz+mb4Q9v+J1xNjaXIhv\nr/iTiewM25CMKVVZK/RKeFOEpV4+8P6AUAeLMVkbba06QbG+nPR2JkRLtxC1uvpi\n7uQsD2Yle2v4if8DJDNkgrA94dEqkQ4EsGkIzloA8xHmC1O7TXhBZXgJmJnssmAu\nnUXpoMgM9AhAuLTe96F/Di5eho/C4abyxFCcnc+lC91Ugm9e/xNz+5h/MDt1evOH\npHRKl+aPOYkP1aW6DyNq0hHTj1NC33/7iJ6FNW2JUOcAByQWyTt3pL7Ug/eRUmYU\nCBgbA5GfpsFwYb2URz0AAAADAQABAAACADCVAXkXGKqVzN1L91YurphRJJtdB02K\natgkFEtmGtmdN2PpbaUMkyPVwhD0GNCduNMAJ2YLp2Z4+MjrVP++XVBLBV8J9BwX\n0SEZ/DBHkMC758nbbn2pN3JH0cfEzc+ryGMmu4AMLEI8Vl2eigbRVU1x/kFja8w5\nKLY1Mvkpj5MqkESbabJrTfLiVEYTe1a6gNcqQ1ik6oIM46t73dMYynijUKHgRq2b\nHW1hh61IPWa+t6Wb6h3Df4S9YJgNgyRZwZ8bD6K1rV6giojCyoPfg7LfOn7iIVon\nsS0d40NrOU7k0cLlhDX6kA5vDV5nlVTGida2o8AEX/3lnnGDw8gCcHaxW8bgqNrS\nO42KxZl5xoeYqHpz1PghKMuVzUBHRzo6Y4Nx4IS5NrW7hJ3cpQqWc2NSd9oussVQ\nrrppmxx2fhSfbD6arVcd5//epfXyWic037P/O3keX9zCWd+v39f8HTVXNDZ9Fl7B\nOTxNJm2JkBkDrj06dc2xCapXxk9bo6dC2E9YF8Defe5EMNzs0fCS9uhPUCRWf6q/\nqPdVczxwVnpuXfjxQeThDFpMlH9NL2NGfWIqRcfu59noVopL0bSGUIbhURddtRFh\nEWUQZVV2TrZTo8LCPQBm/tSMRQS69Dn11I8XJ5uk9sCamx9A79alTQujEozdtif8\npO7N8WhbldLRAAABAB3ug1q7tAgqX6OxdmAFsx/T/x21H7Q/e6g2QWs9ffb5J+ax\nateN5gBjrhyqA4UiYvpstRBvzmdh5R6cxEKAV5CPekhcIfiQ0eOqQwlhXujSjMqk\nc8uRd3BV4GVJ82blXwv3m3NPMby2p9gX+nDcFzcIvVtiIe9pViRjmT7R/BqXBzsb\nthjHKG2hTeJQ2Q0aY7YEmLB8eP/6cg/UmZn79j3IEQueVUQLUZLX8qsuBjHKvTzx\n5SZHJbsCX7eK+ix4RIqIHyi3efxahr2/xM2yyofWQRnjCPGffdusQeJcZTTvfJpZ\nFyKgwPDrdiXuwsO10Fa3EaEkek9Cf4572lhcYEkAAAEBAMm+rQ1PQoypbhRZI9Ay\nx4ge/1WKMtXABEmb2G7KlAWpVfP86+kc9BtjMEH6LvqVzHAFMv+PuVFwMFNPLBoi\nx6vTpYc7BdXA8QhoQn7oR2IfJZDR/g/J6VGJlo122Sj6hXMKGNzMcfdx8QmKhqe7\nfuS32nFZWOch3ULWKtLM6EcbivN9inYBcKdqyzWuW8zmoblwHqQ6TJPcAUTRj8lL\nGgbg6/c2aEY13TKwtDtlDbxUgkfZmdPapgkXLR7Zyxsi5Wydbk/AnkP4GoA/HqAE\nwX8ONoI3ZO1dLm+0O/QITYt6blj1+jwDIqbltzT+hTpqjEDTrkB6fB7RIzeIRBJ/\nocMAAAEBANL/RGqI1wM1GZoYePbwB+TKYmRPCzZSdYXCFek+/uYXkk25NULPqNYU\nCBipsaFUbBRqiG+5RB/FpTEUDPxlJLscGOwbm6OrwOAJVqJbqQB3N2LzuwZSPyGh\n0zvWhsoyBKTmURCPbTNXN4PRLdswS3eKr7koIRM4hSQ20pHBSblFvr9/HJ41wudq\n76Qu4q2V4KbYVEuIDywsXNTw0bP5i0ouX55imEj/5bEULh14X0c7rBT5CL0aqgD/\nc7DxRqS4cawHdHX6/JnxeIhvhS946v8xeOFhoAzQF7NCUAkT+CqYJrCagtF6GAr5\nb896BKjjKkFMVLRzlbCPypKe7U+M4v8AAAAAAQID\n-----END OPENSSH PRIVATE KEY-----\n",
            "private_key_pem": "-----BEGIN RSA PRIVATE KEY-----\nMIIJKAIBAAKCAgEApkeUzeYIeNcU84z6F7fC6h+5k3YP3Se9Sx9YElJVPY3kGXdw\nBDNy0rdLjCRIJs47KBF3SSU9eY+UNppPZxjvWa/3JnEYTnOVKbN9b8QeRcw9eFDB\ntmj+EWyPvmq1x1WejGwCBA9aMkcG7MKMgVrqHHDjbzQahToW/LW8D5G85QWpP1Ba\n4kePB6auIV365UkZUUZbfI3dwplYTCWPJa8AZLkojWiOpsTXGIhUesjmXtGBh0s9\neAbPEhZs2OHT2hiSpg8QY1OWYnqWZeTFGkjwQX8VGUAEOoTiYkfF1U3fuj1LdDLK\n1gDUUlgu0BimYBk5IaTn+GhjtrP1ZlVQpF48IYJ2tqXioMvL6qWpcmow5LLqYsy3\n+nqtaXr9UuPSnlVXvX4kKz+mb4Q9v+J1xNjaXIhvr/iTiewM25CMKVVZK/RKeFOE\npV4+8P6AUAeLMVkbba06QbG+nPR2JkRLtxC1uvpi7uQsD2Yle2v4if8DJDNkgrA9\n4dEqkQ4EsGkIzloA8xHmC1O7TXhBZXgJmJnssmAunUXpoMgM9AhAuLTe96F/Di5e\nho/C4abyxFCcnc+lC91Ugm9e/xNz+5h/MDt1evOHpHRKl+aPOYkP1aW6DyNq0hHT\nj1NC33/7iJ6FNW2JUOcAByQWyTt3pL7Ug/eRUmYUCBgbA5GfpsFwYb2URz0CAwEA\nAQKCAgAwlQF5FxiqlczdS/dWLq6YUSSbXQdNimrYJBRLZhrZnTdj6W2lDJMj1cIQ\n9BjQnbjTACdmC6dmePjI61T/vl1QSwVfCfQcF9EhGfwwR5DAu+fJ2259qTdyR9HH\nxM3Pq8hjJruADCxCPFZdnooG0VVNcf5BY2vMOSi2NTL5KY+TKpBEm2mya03y4lRG\nE3tWuoDXKkNYpOqCDOOre93TGMp4o1Ch4Eatmx1tYYetSD1mvrelm+odw3+EvWCY\nDYMkWcGfGw+ita1eoIqIwsqD34Oy3zp+4iFaJ7EtHeNDazlO5NHC5YQ1+pAObw1e\nZ5VUxonWtqPABF/95Z5xg8PIAnB2sVvG4Kja0juNisWZecaHmKh6c9T4ISjLlc1A\nR0c6OmODceCEuTa1u4Sd3KUKlnNjUnfaLrLFUK66aZscdn4Un2w+mq1XHef/3qX1\n8lonNN+z/zt5Hl/cwlnfr9/X/B01VzQ2fRZewTk8TSZtiZAZA649OnXNsQmqV8ZP\nW6OnQthPWBfA3n3uRDDc7NHwkvboT1AkVn+qv6j3VXM8cFZ6bl348UHk4QxaTJR/\nTS9jRn1iKkXH7ufZ6FaKS9G0hlCG4VEXXbURYRFlEGVVdk62U6PCwj0AZv7UjEUE\nuvQ59dSPFyebpPbAmpsfQO/WpU0LoxKM3bYn/KTuzfFoW5XS0QKCAQEAyb6tDU9C\njKluFFkj0DLHiB7/VYoy1cAESZvYbsqUBalV8/zr6Rz0G2MwQfou+pXMcAUy/4+5\nUXAwU08sGiLHq9OlhzsF1cDxCGhCfuhHYh8lkNH+D8npUYmWjXbZKPqFcwoY3Mxx\n93HxCYqGp7t+5LfacVlY5yHdQtYq0szoRxuK832KdgFwp2rLNa5bzOahuXAepDpM\nk9wBRNGPyUsaBuDr9zZoRjXdMrC0O2UNvFSCR9mZ09qmCRctHtnLGyLlbJ1uT8Ce\nQ/gagD8eoATBfw42gjdk7V0ub7Q79AhNi3puWPX6PAMipuW3NP6FOmqMQNOuQHp8\nHtEjN4hEEn+hwwKCAQEA0v9EaojXAzUZmhh49vAH5MpiZE8LNlJ1hcIV6T7+5heS\nTbk1Qs+o1hQIGKmxoVRsFGqIb7lEH8WlMRQM/GUkuxwY7Bubo6vA4AlWolupAHc3\nYvO7BlI/IaHTO9aGyjIEpOZREI9tM1c3g9Et2zBLd4qvuSghEziFJDbSkcFJuUW+\nv38cnjXC52rvpC7irZXgpthUS4gPLCxc1PDRs/mLSi5fnmKYSP/lsRQuHXhfRzus\nFPkIvRqqAP9zsPFGpLhxrAd0dfr8mfF4iG+FL3jq/zF44WGgDNAXs0JQCRP4Kpgm\nsJqC0XoYCvlvz3oEqOMqQUxUtHOVsI/Kkp7tT4zi/wKCAQANzmu/Xm46fBnZcKQ/\nyknXae+lZfjGogZpFy4/nsN0g7srIGLwqBeYjDgwO7PdWEUOYXy0+pv/E8Nq4B8v\nhrPNcYWBdKuYjkSwg5oRX0oLUABdIdHWOMYr21OfSMPhxws87TL4YVFnUrfhJEbE\n0dMESgS7/xZTcwDWYxu5I2a9/weKVEwWeVDBVFCl0tHbeukUbLTcHlVBRSwdDo5d\ngzM7x0a+u011iJgjsO4UpnzDJ7Fmw2CAnBUCyEBBPTxmFgRHY5q6AH+UPTVrE2bA\nIrMvQ8S9MpdImzjjUh1MPQk5g15r3iGK29gSPeREzypE7ie9A/+H0BoQbdWQJlYq\nQevLAoIBAQC74l8T1qJP0trnYt9kVL1St/0BgXlkd+z6nKdSOaxVS6wV1dRdl/iq\nGNBU1da86CYN0AeKJRlKiX7dwxMFNTOOAikXJkZjai+nz+j7Tk+hgIcrcAmcSWS6\nGBW29QK1zfBgvk51RqJg00s17/C7e7fXzQFJCTjamrvEUaUT8WAqwLZoY1Iid5EE\n7S5TrwReulV/fKcjUxbfqOlJHOA/OPkVp1GyAe3FI0lvc57U0zlUfwhu7IshiTrV\nBKQKbe8QAsYF/+VuoX6JvoIsS9H3Qd9QOsd/OqWAg1R3ZZdLXiLgGvhozk2rJuN9\n8jvkLq0zjoUz/Dp5LWuf+4rRIQAElFoVAoIBAB3ug1q7tAgqX6OxdmAFsx/T/x21\nH7Q/e6g2QWs9ffb5J+axateN5gBjrhyqA4UiYvpstRBvzmdh5R6cxEKAV5CPekhc\nIfiQ0eOqQwlhXujSjMqkc8uRd3BV4GVJ82blXwv3m3NPMby2p9gX+nDcFzcIvVti\nIe9pViRjmT7R/BqXBzsbthjHKG2hTeJQ2Q0aY7YEmLB8eP/6cg/UmZn79j3IEQue\nVUQLUZLX8qsuBjHKvTzx5SZHJbsCX7eK+ix4RIqIHyi3efxahr2/xM2yyofWQRnj\nCPGffdusQeJcZTTvfJpZFyKgwPDrdiXuwsO10Fa3EaEkek9Cf4572lhcYEk=\n-----END RSA PRIVATE KEY-----\n",
            "private_key_pem_pkcs8": "-----BEGIN PRIVATE KEY-----\nMIIJQgIBADANBgkqhkiG9w0BAQEFAASCCSwwggkoAgEAAoICAQCmR5TN5gh41xTz\njPoXt8LqH7mTdg/dJ71LH1gSUlU9jeQZd3AEM3LSt0uMJEgmzjsoEXdJJT15j5Q2\nmk9nGO9Zr/cmcRhOc5Ups31vxB5FzD14UMG2aP4RbI++arXHVZ6MbAIED1oyRwbs\nwoyBWuoccONvNBqFOhb8tbwPkbzlBak/UFriR48Hpq4hXfrlSRlRRlt8jd3CmVhM\nJY8lrwBkuSiNaI6mxNcYiFR6yOZe0YGHSz14Bs8SFmzY4dPaGJKmDxBjU5ZiepZl\n5MUaSPBBfxUZQAQ6hOJiR8XVTd+6PUt0MsrWANRSWC7QGKZgGTkhpOf4aGO2s/Vm\nVVCkXjwhgna2peKgy8vqpalyajDksupizLf6eq1pev1S49KeVVe9fiQrP6ZvhD2/\n4nXE2NpciG+v+JOJ7AzbkIwpVVkr9Ep4U4SlXj7w/oBQB4sxWRttrTpBsb6c9HYm\nREu3ELW6+mLu5CwPZiV7a/iJ/wMkM2SCsD3h0SqRDgSwaQjOWgDzEeYLU7tNeEFl\neAmYmeyyYC6dRemgyAz0CEC4tN73oX8OLl6Gj8LhpvLEUJydz6UL3VSCb17/E3P7\nmH8wO3V684ekdEqX5o85iQ/VpboPI2rSEdOPU0Lff/uInoU1bYlQ5wAHJBbJO3ek\nvtSD95FSZhQIGBsDkZ+mwXBhvZRHPQIDAQABAoICADCVAXkXGKqVzN1L91YurphR\nJJtdB02KatgkFEtmGtmdN2PpbaUMkyPVwhD0GNCduNMAJ2YLp2Z4+MjrVP++XVBL\nBV8J9BwX0SEZ/DBHkMC758nbbn2pN3JH0cfEzc+ryGMmu4AMLEI8Vl2eigbRVU1x\n/kFja8w5KLY1Mvkpj5MqkESbabJrTfLiVEYTe1a6gNcqQ1ik6oIM46t73dMYynij\nUKHgRq2bHW1hh61IPWa+t6Wb6h3Df4S9YJgNgyRZwZ8bD6K1rV6giojCyoPfg7Lf\nOn7iIVonsS0d40NrOU7k0cLlhDX6kA5vDV5nlVTGida2o8AEX/3lnnGDw8gCcHax\nW8bgqNrSO42KxZl5xoeYqHpz1PghKMuVzUBHRzo6Y4Nx4IS5NrW7hJ3cpQqWc2NS\nd9oussVQrrppmxx2fhSfbD6arVcd5//epfXyWic037P/O3keX9zCWd+v39f8HTVX\nNDZ9Fl7BOTxNJm2JkBkDrj06dc2xCapXxk9bo6dC2E9YF8Defe5EMNzs0fCS9uhP\nUCRWf6q/qPdVczxwVnpuXfjxQeThDFpMlH9NL2NGfWIqRcfu59noVopL0bSGUIbh\nURddtRFhEWUQZVV2TrZTo8LCPQBm/tSMRQS69Dn11I8XJ5uk9sCamx9A79alTQuj\nEozdtif8pO7N8WhbldLRAoIBAQDJvq0NT0KMqW4UWSPQMseIHv9VijLVwARJm9hu\nypQFqVXz/OvpHPQbYzBB+i76lcxwBTL/j7lRcDBTTywaIser06WHOwXVwPEIaEJ+\n6EdiHyWQ0f4PyelRiZaNdtko+oVzChjczHH3cfEJioanu37kt9pxWVjnId1C1irS\nzOhHG4rzfYp2AXCnass1rlvM5qG5cB6kOkyT3AFE0Y/JSxoG4Ov3NmhGNd0ysLQ7\nZQ28VIJH2ZnT2qYJFy0e2csbIuVsnW5PwJ5D+BqAPx6gBMF/DjaCN2TtXS5vtDv0\nCE2Lem5Y9fo8AyKm5bc0/oU6aoxA065Aenwe0SM3iEQSf6HDAoIBAQDS/0RqiNcD\nNRmaGHj28AfkymJkTws2UnWFwhXpPv7mF5JNuTVCz6jWFAgYqbGhVGwUaohvuUQf\nxaUxFAz8ZSS7HBjsG5ujq8DgCVaiW6kAdzdi87sGUj8hodM71obKMgSk5lEQj20z\nVzeD0S3bMEt3iq+5KCETOIUkNtKRwUm5Rb6/fxyeNcLnau+kLuKtleCm2FRLiA8s\nLFzU8NGz+YtKLl+eYphI/+WxFC4deF9HO6wU+Qi9GqoA/3Ow8UakuHGsB3R1+vyZ\n8XiIb4UveOr/MXjhYaAM0BezQlAJE/gqmCawmoLRehgK+W/PegSo4ypBTFS0c5Ww\nj8qSnu1PjOL/AoIBAA3Oa79ebjp8GdlwpD/KSddp76Vl+MaiBmkXLj+ew3SDuysg\nYvCoF5iMODA7s91YRQ5hfLT6m/8Tw2rgHy+Gs81xhYF0q5iORLCDmhFfSgtQAF0h\n0dY4xivbU59Iw+HHCzztMvhhUWdSt+EkRsTR0wRKBLv/FlNzANZjG7kjZr3/B4pU\nTBZ5UMFUUKXS0dt66RRstNweVUFFLB0Ojl2DMzvHRr67TXWImCOw7hSmfMMnsWbD\nYICcFQLIQEE9PGYWBEdjmroAf5Q9NWsTZsAisy9DxL0yl0ibOONSHUw9CTmDXmve\nIYrb2BI95ETPKkTuJ70D/4fQGhBt1ZAmVipB68sCggEBALviXxPWok/S2udi32RU\nvVK3/QGBeWR37Pqcp1I5rFVLrBXV1F2X+KoY0FTV1rzoJg3QB4olGUqJft3DEwU1\nM44CKRcmRmNqL6fP6PtOT6GAhytwCZxJZLoYFbb1ArXN8GC+TnVGomDTSzXv8Lt7\nt9fNAUkJONqau8RRpRPxYCrAtmhjUiJ3kQTtLlOvBF66VX98pyNTFt+o6Ukc4D84\n+RWnUbIB7cUjSW9zntTTOVR/CG7siyGJOtUEpApt7xACxgX/5W6hfom+gixL0fdB\n31A6x386pYCDVHdll0teIuAa+GjOTasm433yO+QurTOOhTP8Onkta5/7itEhAASU\nWhUCggEAHe6DWru0CCpfo7F2YAWzH9P/HbUftD97qDZBaz199vkn5rFq143mAGOu\nHKoDhSJi+my1EG/OZ2HlHpzEQoBXkI96SFwh+JDR46pDCWFe6NKMyqRzy5F3cFXg\nZUnzZuVfC/ebc08xvLan2Bf6cNwXNwi9W2Ih72lWJGOZPtH8GpcHOxu2GMcobaFN\n4lDZDRpjtgSYsHx4//pyD9SZmfv2PcgRC55VRAtRktfyqy4GMcq9PPHlJkcluwJf\nt4r6LHhEiogfKLd5/FqGvb/EzbLKh9ZBGeMI8Z9926xB4lxlNO98mlkXIqDA8Ot2\nJe7Cw7XQVrcRoSR6T0J/jnvaWFxgSQ==\n-----END PRIVATE KEY-----\n",
            "public_key_fingerprint_md5": "8a:32:76:af:63:23:b7:7c:a0:84:c8:78:17:67:e8:19",
            "public_key_fingerprint_sha256": "SHA256:imuSJxQiduLDnSjf/xeDyoVZWn0WFyrJO34nIJ2TpeA",
            "public_key_openssh": "ssh-rsa AAAAB3NzaC1yc2EAAAADAQABAAACAQCmR5TN5gh41xTzjPoXt8LqH7mTdg/dJ71LH1gSUlU9jeQZd3AEM3LSt0uMJEgmzjsoEXdJJT15j5Q2mk9nGO9Zr/cmcRhOc5Ups31vxB5FzD14UMG2aP4RbI++arXHVZ6MbAIED1oyRwbswoyBWuoccONvNBqFOhb8tbwPkbzlBak/UFriR48Hpq4hXfrlSRlRRlt8jd3CmVhMJY8lrwBkuSiNaI6mxNcYiFR6yOZe0YGHSz14Bs8SFmzY4dPaGJKmDxBjU5ZiepZl5MUaSPBBfxUZQAQ6hOJiR8XVTd+6PUt0MsrWANRSWC7QGKZgGTkhpOf4aGO2s/VmVVCkXjwhgna2peKgy8vqpalyajDksupizLf6eq1pev1S49KeVVe9fiQrP6ZvhD2/4nXE2NpciG+v+JOJ7AzbkIwpVVkr9Ep4U4SlXj7w/oBQB4sxWRttrTpBsb6c9HYmREu3ELW6+mLu5CwPZiV7a/iJ/wMkM2SCsD3h0SqRDgSwaQjOWgDzEeYLU7tNeEFleAmYmeyyYC6dRemgyAz0CEC4tN73oX8OLl6Gj8LhpvLEUJydz6UL3VSCb17/E3P7mH8wO3V684ekdEqX5o85iQ/VpboPI2rSEdOPU0Lff/uInoU1bYlQ5wAHJBbJO3ekvtSD95FSZhQIGBsDkZ+mwXBhvZRHPQ==\n",
            "public_key_pem": "-----BEGIN PUBLIC KEY-----\nMIICIjANBgkqhkiG9w0BAQEFAAOCAg8AMIICCgKCAgEApkeUzeYIeNcU84z6F7fC\n6h+5k3YP3Se9Sx9YElJVPY3kGXdwBDNy0rdLjCRIJs47KBF3SSU9eY+UNppPZxjv\nWa/3JnEYTnOVKbN9b8QeRcw9eFDBtmj+EWyPvmq1x1WejGwCBA9aMkcG7MKMgVrq\nHHDjbzQahToW/LW8D5G85QWpP1Ba4kePB6auIV365UkZUUZbfI3dwplYTCWPJa8A\nZLkojWiOpsTXGIhUesjmXtGBh0s9eAbPEhZs2OHT2hiSpg8QY1OWYnqWZeTFGkjw\nQX8VGUAEOoTiYkfF1U3fuj1LdDLK1gDUUlgu0BimYBk5IaTn+GhjtrP1ZlVQpF48\nIYJ2tqXioMvL6qWpcmow5LLqYsy3+nqtaXr9UuPSnlVXvX4kKz+mb4Q9v+J1xNja\nXIhvr/iTiewM25CMKVVZK/RKeFOEpV4+8P6AUAeLMVkbba06QbG+nPR2JkRLtxC1\nuvpi7uQsD2Yle2v4if8DJDNkgrA94dEqkQ4EsGkIzloA8xHmC1O7TXhBZXgJmJns\nsmAunUXpoMgM9AhAuLTe96F/Di5eho/C4abyxFCcnc+lC91Ugm9e/xNz+5h/MDt1\nevOHpHRKl+aPOYkP1aW6DyNq0hHTj1NC33/7iJ6FNW2JUOcAByQWyTt3pL7Ug/eR\nUmYUCBgbA5GfpsFwYb2URz0CAwEAAQ==\n-----END PUBLIC KEY-----\n",
            "rsa_bits": 4096
          },
          "sensitive_attributes": []
        }
      ]
    },
    {
      "module": "module.eip",
      "mode": "managed",
      "type": "aws_eip",
      "name": "eip_for_nat_az1",
      "provider": "provider[\"registry.terraform.io/hashicorp/aws\"]",
      "instances": [
        {
          "schema_version": 0,
          "attributes": {
            "address": null,
            "allocation_id": "eipalloc-04f60bb3b9fe8c375",
            "arn": "arn:aws:ec2:ap-south-1:194978441177:elastic-ip/eipalloc-04f60bb3b9fe8c375",
            "associate_with_private_ip": null,
            "association_id": "eipassoc-06f1eb7cc8d422c60",
            "carrier_ip": "",
            "customer_owned_ip": "",
            "customer_owned_ipv4_pool": "",
            "domain": "vpc",
            "id": "eipalloc-04f60bb3b9fe8c375",
            "instance": "",
            "network_border_group": "ap-south-1",
            "network_interface": "eni-0dac460af416bd7ca",
            "private_dns": "ip-10-22-11-235.ap-south-1.compute.internal",
            "private_ip": "10.22.11.235",
            "ptr_record": "",
            "public_dns": "ec2-13-202-224-80.ap-south-1.compute.amazonaws.com",
            "public_ip": "13.202.224.80",
            "public_ipv4_pool": "amazon",
            "tags": {
              "Name": "qa-nat-eip-az1"
            },
            "tags_all": {
              "Name": "qa-nat-eip-az1"
            },
            "timeouts": null,
            "vpc": true
          },
          "sensitive_attributes": [],
          "private": "eyJlMmJmYjczMC1lY2FhLTExZTYtOGY4OC0zNDM2M2JjN2M0YzAiOnsiZGVsZXRlIjoxODAwMDAwMDAwMDAsInJlYWQiOjkwMDAwMDAwMDAwMCwidXBkYXRlIjozMDAwMDAwMDAwMDB9fQ=="
        }
      ]
    },
    {
      "module": "module.eip",
      "mode": "managed",
      "type": "aws_eip",
      "name": "eip_for_nat_az2",
      "provider": "provider[\"registry.terraform.io/hashicorp/aws\"]",
      "instances": [
        {
          "schema_version": 0,
          "attributes": {
            "address": null,
            "allocation_id": "eipalloc-077b0cf86f0d10618",
            "arn": "arn:aws:ec2:ap-south-1:194978441177:elastic-ip/eipalloc-077b0cf86f0d10618",
            "associate_with_private_ip": null,
            "association_id": "eipassoc-0f9886bc095f68666",
            "carrier_ip": "",
            "customer_owned_ip": "",
            "customer_owned_ipv4_pool": "",
            "domain": "vpc",
            "id": "eipalloc-077b0cf86f0d10618",
            "instance": "",
            "network_border_group": "ap-south-1",
            "network_interface": "eni-0e58ae595cf98a4ee",
            "private_dns": "ip-10-22-12-34.ap-south-1.compute.internal",
            "private_ip": "10.22.12.34",
            "ptr_record": "",
            "public_dns": "ec2-13-202-185-153.ap-south-1.compute.amazonaws.com",
            "public_ip": "13.202.185.153",
            "public_ipv4_pool": "amazon",
            "tags": {
              "Name": "qa-nat-eip-az2"
            },
            "tags_all": {
              "Name": "qa-nat-eip-az2"
            },
            "timeouts": null,
            "vpc": true
          },
          "sensitive_attributes": [],
          "private": "eyJlMmJmYjczMC1lY2FhLTExZTYtOGY4OC0zNDM2M2JjN2M0YzAiOnsiZGVsZXRlIjoxODAwMDAwMDAwMDAsInJlYWQiOjkwMDAwMDAwMDAwMCwidXBkYXRlIjozMDAwMDAwMDAwMDB9fQ=="
        }
      ]
    },
    {
      "module": "module.igw",
      "mode": "managed",
      "type": "aws_internet_gateway",
      "name": "igw",
      "provider": "provider[\"registry.terraform.io/hashicorp/aws\"]",
      "instances": [
        {
          "schema_version": 0,
          "attributes": {
            "arn": "arn:aws:ec2:ap-south-1:194978441177:internet-gateway/igw-0692069c6d2edb135",
            "id": "igw-0692069c6d2edb135",
            "owner_id": "194978441177",
            "tags": {
              "Name": "qa-igw"
            },
            "tags_all": {
              "Name": "qa-igw"
            },
            "timeouts": null,
            "vpc_id": "vpc-0f99094bd0fcf5029"
          },
          "sensitive_attributes": [],
          "private": "eyJlMmJmYjczMC1lY2FhLTExZTYtOGY4OC0zNDM2M2JjN2M0YzAiOnsiY3JlYXRlIjoxMjAwMDAwMDAwMDAwLCJkZWxldGUiOjEyMDAwMDAwMDAwMDAsInVwZGF0ZSI6MTIwMDAwMDAwMDAwMH19",
          "dependencies": [
            "module.vpc.aws_vpc.qa-main"
          ]
        }
      ]
    },
    {
      "module": "module.nacl",
      "mode": "managed",
      "type": "aws_network_acl",
      "name": "main",
      "provider": "provider[\"registry.terraform.io/hashicorp/aws\"]",
      "instances": [
        {
          "schema_version": 0,
          "attributes": {
            "arn": "arn:aws:ec2:ap-south-1:194978441177:network-acl/acl-0314dc2fa7dd3ef52",
            "egress": [
              {
                "action": "allow",
                "cidr_block": "0.0.0.0/0",
                "from_port": 0,
                "icmp_code": 0,
                "icmp_type": 0,
                "ipv6_cidr_block": "",
                "protocol": "-1",
                "rule_no": 100,
                "to_port": 0
              }
            ],
            "id": "acl-0314dc2fa7dd3ef52",
            "ingress": [
              {
                "action": "allow",
                "cidr_block": "0.0.0.0/0",
                "from_port": 22,
                "icmp_code": 0,
                "icmp_type": 0,
                "ipv6_cidr_block": "",
                "protocol": "6",
                "rule_no": 101,
                "to_port": 22
              },
              {
                "action": "allow",
                "cidr_block": "0.0.0.0/0",
                "from_port": 80,
                "icmp_code": 0,
                "icmp_type": 0,
                "ipv6_cidr_block": "",
                "protocol": "6",
                "rule_no": 100,
                "to_port": 80
              }
            ],
            "owner_id": "194978441177",
            "subnet_ids": [],
            "tags": {
              "Name": "qa-nacl"
            },
            "tags_all": {
              "Name": "qa-nacl"
            },
            "vpc_id": "vpc-0f99094bd0fcf5029"
          },
          "sensitive_attributes": [],
          "private": "bnVsbA==",
          "dependencies": [
            "module.vpc.aws_vpc.qa-main"
          ]
        }
      ]
    },
    {
      "module": "module.nacl",
      "mode": "managed",
      "type": "aws_network_acl_rule",
      "name": "allow_http",
      "provider": "provider[\"registry.terraform.io/hashicorp/aws\"]",
      "instances": [
        {
          "schema_version": 0,
          "attributes": {
            "cidr_block": "0.0.0.0/0",
            "egress": false,
            "from_port": 80,
            "icmp_code": null,
            "icmp_type": null,
            "id": "nacl-835032960",
            "ipv6_cidr_block": "",
            "network_acl_id": "acl-0314dc2fa7dd3ef52",
            "protocol": "6",
            "rule_action": "allow",
            "rule_number": 100,
            "to_port": 80
          },
          "sensitive_attributes": [],
          "private": "bnVsbA==",
          "dependencies": [
            "module.nacl.aws_network_acl.main",
            "module.vpc.aws_vpc.qa-main"
          ]
        }
      ]
    },
    {
      "module": "module.natgw",
      "mode": "managed",
      "type": "aws_nat_gateway",
      "name": "nat_gw_az1",
      "provider": "provider[\"registry.terraform.io/hashicorp/aws\"]",
      "instances": [
        {
          "schema_version": 0,
          "attributes": {
            "allocation_id": "eipalloc-04f60bb3b9fe8c375",
            "association_id": "eipassoc-06f1eb7cc8d422c60",
            "connectivity_type": "public",
            "id": "nat-0869ec527df8a07df",
            "network_interface_id": "eni-0dac460af416bd7ca",
            "private_ip": "10.22.11.235",
            "public_ip": "13.202.224.80",
            "secondary_allocation_ids": [],
            "secondary_private_ip_address_count": 0,
            "secondary_private_ip_addresses": [],
            "subnet_id": "subnet-032b5fb83dc45e04f",
            "tags": {
              "Name": "qa-nat-gateway-az1"
            },
            "tags_all": {
              "Name": "qa-nat-gateway-az1"
            },
            "timeouts": null
          },
          "sensitive_attributes": [],
          "private": "eyJlMmJmYjczMC1lY2FhLTExZTYtOGY4OC0zNDM2M2JjN2M0YzAiOnsiY3JlYXRlIjo2MDAwMDAwMDAwMDAsImRlbGV0ZSI6MTgwMDAwMDAwMDAwMCwidXBkYXRlIjo2MDAwMDAwMDAwMDB9fQ==",
          "dependencies": [
            "module.eip.aws_eip.eip_for_nat_az1",
            "module.vpc-subnets.aws_subnet.web_public_subnet_01",
            "module.vpc-subnets.data.aws_availability_zones.available_zone",
            "module.vpc.aws_vpc.qa-main"
          ]
        }
      ]
    },
    {
      "module": "module.natgw",
      "mode": "managed",
      "type": "aws_nat_gateway",
      "name": "nat_gw_az2",
      "provider": "provider[\"registry.terraform.io/hashicorp/aws\"]",
      "instances": [
        {
          "schema_version": 0,
          "attributes": {
            "allocation_id": "eipalloc-077b0cf86f0d10618",
            "association_id": "eipassoc-0f9886bc095f68666",
            "connectivity_type": "public",
            "id": "nat-07b81cda044fc9fa6",
            "network_interface_id": "eni-0e58ae595cf98a4ee",
            "private_ip": "10.22.12.34",
            "public_ip": "13.202.185.153",
            "secondary_allocation_ids": [],
            "secondary_private_ip_address_count": 0,
            "secondary_private_ip_addresses": [],
            "subnet_id": "subnet-077d3c49d5d5d85b3",
            "tags": {
              "Name": "qa-nat-gateway-az2"
            },
            "tags_all": {
              "Name": "qa-nat-gateway-az2"
            },
            "timeouts": null
          },
          "sensitive_attributes": [],
          "private": "eyJlMmJmYjczMC1lY2FhLTExZTYtOGY4OC0zNDM2M2JjN2M0YzAiOnsiY3JlYXRlIjo2MDAwMDAwMDAwMDAsImRlbGV0ZSI6MTgwMDAwMDAwMDAwMCwidXBkYXRlIjo2MDAwMDAwMDAwMDB9fQ==",
          "dependencies": [
            "module.eip.aws_eip.eip_for_nat_az2",
            "module.vpc-subnets.aws_subnet.web_public_subnet_02",
            "module.vpc-subnets.data.aws_availability_zones.available_zone",
            "module.vpc.aws_vpc.qa-main"
          ]
        }
      ]
    },
    {
      "module": "module.route_tables",
      "mode": "managed",
      "type": "aws_route_table",
      "name": "private_route_table_az1",
      "provider": "provider[\"registry.terraform.io/hashicorp/aws\"]",
      "instances": [
        {
          "schema_version": 0,
          "attributes": {
            "arn": "arn:aws:ec2:ap-south-1:194978441177:route-table/rtb-02dd7c256b8d3049d",
            "id": "rtb-02dd7c256b8d3049d",
            "owner_id": "194978441177",
            "propagating_vgws": [],
            "route": [
              {
                "carrier_gateway_id": "",
                "cidr_block": "0.0.0.0/0",
                "core_network_arn": "",
                "destination_prefix_list_id": "",
                "egress_only_gateway_id": "",
                "gateway_id": "",
                "ipv6_cidr_block": "",
                "local_gateway_id": "",
                "nat_gateway_id": "nat-0869ec527df8a07df",
                "network_interface_id": "",
                "transit_gateway_id": "",
                "vpc_endpoint_id": "",
                "vpc_peering_connection_id": ""
              }
            ],
            "tags": {
              "Name": "qa-private-route-table-az1"
            },
            "tags_all": {
              "Name": "qa-private-route-table-az1"
            },
            "timeouts": null,
            "vpc_id": "vpc-0f99094bd0fcf5029"
          },
          "sensitive_attributes": [],
          "private": "eyJlMmJmYjczMC1lY2FhLTExZTYtOGY4OC0zNDM2M2JjN2M0YzAiOnsiY3JlYXRlIjozMDAwMDAwMDAwMDAsImRlbGV0ZSI6MzAwMDAwMDAwMDAwLCJ1cGRhdGUiOjEyMDAwMDAwMDAwMH19",
          "dependencies": [
            "module.eip.aws_eip.eip_for_nat_az1",
            "module.natgw.aws_nat_gateway.nat_gw_az1",
            "module.vpc-subnets.aws_subnet.web_public_subnet_01",
            "module.vpc-subnets.data.aws_availability_zones.available_zone",
            "module.vpc.aws_vpc.qa-main"
          ]
        }
      ]
    },
    {
      "module": "module.route_tables",
      "mode": "managed",
      "type": "aws_route_table",
      "name": "private_route_table_az2",
      "provider": "provider[\"registry.terraform.io/hashicorp/aws\"]",
      "instances": [
        {
          "schema_version": 0,
          "attributes": {
            "arn": "arn:aws:ec2:ap-south-1:194978441177:route-table/rtb-07eeda58895f75c9f",
            "id": "rtb-07eeda58895f75c9f",
            "owner_id": "194978441177",
            "propagating_vgws": [],
            "route": [
              {
                "carrier_gateway_id": "",
                "cidr_block": "0.0.0.0/0",
                "core_network_arn": "",
                "destination_prefix_list_id": "",
                "egress_only_gateway_id": "",
                "gateway_id": "",
                "ipv6_cidr_block": "",
                "local_gateway_id": "",
                "nat_gateway_id": "nat-07b81cda044fc9fa6",
                "network_interface_id": "",
                "transit_gateway_id": "",
                "vpc_endpoint_id": "",
                "vpc_peering_connection_id": ""
              }
            ],
            "tags": {
              "Name": "qa-private-route-table-az2"
            },
            "tags_all": {
              "Name": "qa-private-route-table-az2"
            },
            "timeouts": null,
            "vpc_id": "vpc-0f99094bd0fcf5029"
          },
          "sensitive_attributes": [],
          "private": "eyJlMmJmYjczMC1lY2FhLTExZTYtOGY4OC0zNDM2M2JjN2M0YzAiOnsiY3JlYXRlIjozMDAwMDAwMDAwMDAsImRlbGV0ZSI6MzAwMDAwMDAwMDAwLCJ1cGRhdGUiOjEyMDAwMDAwMDAwMH19",
          "dependencies": [
            "module.eip.aws_eip.eip_for_nat_az2",
            "module.natgw.aws_nat_gateway.nat_gw_az2",
            "module.vpc-subnets.aws_subnet.web_public_subnet_02",
            "module.vpc-subnets.data.aws_availability_zones.available_zone",
            "module.vpc.aws_vpc.qa-main"
          ]
        }
      ]
    },
    {
      "module": "module.route_tables",
      "mode": "managed",
      "type": "aws_route_table",
      "name": "public_route_table",
      "provider": "provider[\"registry.terraform.io/hashicorp/aws\"]",
      "instances": [
        {
          "schema_version": 0,
          "attributes": {
            "arn": "arn:aws:ec2:ap-south-1:194978441177:route-table/rtb-04ccc3735c915ff05",
            "id": "rtb-04ccc3735c915ff05",
            "owner_id": "194978441177",
            "propagating_vgws": [],
            "route": [
              {
                "carrier_gateway_id": "",
                "cidr_block": "0.0.0.0/0",
                "core_network_arn": "",
                "destination_prefix_list_id": "",
                "egress_only_gateway_id": "",
                "gateway_id": "igw-0692069c6d2edb135",
                "ipv6_cidr_block": "",
                "local_gateway_id": "",
                "nat_gateway_id": "",
                "network_interface_id": "",
                "transit_gateway_id": "",
                "vpc_endpoint_id": "",
                "vpc_peering_connection_id": ""
              }
            ],
            "tags": {
              "Name": "qa-public-route-table"
            },
            "tags_all": {
              "Name": "qa-public-route-table"
            },
            "timeouts": null,
            "vpc_id": "vpc-0f99094bd0fcf5029"
          },
          "sensitive_attributes": [],
          "private": "eyJlMmJmYjczMC1lY2FhLTExZTYtOGY4OC0zNDM2M2JjN2M0YzAiOnsiY3JlYXRlIjozMDAwMDAwMDAwMDAsImRlbGV0ZSI6MzAwMDAwMDAwMDAwLCJ1cGRhdGUiOjEyMDAwMDAwMDAwMH19",
          "dependencies": [
            "module.igw.aws_internet_gateway.igw",
            "module.vpc.aws_vpc.qa-main"
          ]
        }
      ]
    },
    {
      "module": "module.route_tables",
      "mode": "managed",
      "type": "aws_route_table_association",
      "name": "public_subnet_az1_assoc",
      "provider": "provider[\"registry.terraform.io/hashicorp/aws\"]",
      "instances": [
        {
          "schema_version": 0,
          "attributes": {
            "gateway_id": "",
            "id": "rtbassoc-0757c6f9b3133826c",
            "route_table_id": "rtb-04ccc3735c915ff05",
            "subnet_id": "subnet-032b5fb83dc45e04f",
            "timeouts": null
          },
          "sensitive_attributes": [],
          "private": "eyJlMmJmYjczMC1lY2FhLTExZTYtOGY4OC0zNDM2M2JjN2M0YzAiOnsiY3JlYXRlIjozMDAwMDAwMDAwMDAsImRlbGV0ZSI6MzAwMDAwMDAwMDAwLCJ1cGRhdGUiOjEyMDAwMDAwMDAwMH19",
          "dependencies": [
            "module.igw.aws_internet_gateway.igw",
            "module.route_tables.aws_route_table.public_route_table",
            "module.vpc-subnets.aws_subnet.web_public_subnet_01",
            "module.vpc-subnets.data.aws_availability_zones.available_zone",
            "module.vpc.aws_vpc.qa-main"
          ]
        }
      ]
    },
    {
      "module": "module.route_tables",
      "mode": "managed",
      "type": "aws_route_table_association",
      "name": "public_subnet_az2_assoc",
      "provider": "provider[\"registry.terraform.io/hashicorp/aws\"]",
      "instances": [
        {
          "schema_version": 0,
          "attributes": {
            "gateway_id": "",
            "id": "rtbassoc-08927db59db1af3db",
            "route_table_id": "rtb-04ccc3735c915ff05",
            "subnet_id": "subnet-077d3c49d5d5d85b3",
            "timeouts": null
          },
          "sensitive_attributes": [],
          "private": "eyJlMmJmYjczMC1lY2FhLTExZTYtOGY4OC0zNDM2M2JjN2M0YzAiOnsiY3JlYXRlIjozMDAwMDAwMDAwMDAsImRlbGV0ZSI6MzAwMDAwMDAwMDAwLCJ1cGRhdGUiOjEyMDAwMDAwMDAwMH19",
          "dependencies": [
            "module.igw.aws_internet_gateway.igw",
            "module.route_tables.aws_route_table.public_route_table",
            "module.vpc-subnets.aws_subnet.web_public_subnet_02",
            "module.vpc-subnets.data.aws_availability_zones.available_zone",
            "module.vpc.aws_vpc.qa-main"
          ]
        }
      ]
    },
    {
      "module": "module.s3",
      "mode": "managed",
      "type": "aws_s3_bucket",
      "name": "bucket",
      "provider": "provider[\"registry.terraform.io/hashicorp/aws\"]",
      "instances": [
        {
          "schema_version": 0,
          "attributes": {
            "acceleration_status": "",
            "acl": null,
            "arn": "arn:aws:s3:::qa-bucket-tf",
            "bucket": "qa-bucket-tf",
            "bucket_domain_name": "qa-bucket-tf.s3.amazonaws.com",
            "bucket_prefix": "",
            "bucket_regional_domain_name": "qa-bucket-tf.s3.ap-south-1.amazonaws.com",
            "cors_rule": [],
            "force_destroy": false,
            "grant": [
              {
                "id": "917bc9cc63826841dbe1b98495f2e51aff609433b0c5cd020cab075662917f4d",
                "permissions": [
                  "FULL_CONTROL"
                ],
                "type": "CanonicalUser",
                "uri": ""
              }
            ],
            "hosted_zone_id": "Z11RGJOFQNVJUP",
            "id": "qa-bucket-tf",
            "lifecycle_rule": [],
            "logging": [],
            "object_lock_configuration": [],
            "object_lock_enabled": false,
            "policy": "",
            "region": "ap-south-1",
            "replication_configuration": [],
            "request_payer": "BucketOwner",
            "server_side_encryption_configuration": [
              {
                "rule": [
                  {
                    "apply_server_side_encryption_by_default": [
                      {
                        "kms_master_key_id": "",
                        "sse_algorithm": "AES256"
                      }
                    ],
                    "bucket_key_enabled": false
                  }
                ]
              }
            ],
            "tags": {
              "Name": "qa-bucket-tf"
            },
            "tags_all": {
              "Name": "qa-bucket-tf"
            },
            "timeouts": null,
            "versioning": [
              {
                "enabled": false,
                "mfa_delete": false
              }
            ],
            "website": [],
            "website_domain": null,
            "website_endpoint": null
          },
          "sensitive_attributes": [],
          "private": "eyJlMmJmYjczMC1lY2FhLTExZTYtOGY4OC0zNDM2M2JjN2M0YzAiOnsiY3JlYXRlIjoxMjAwMDAwMDAwMDAwLCJkZWxldGUiOjM2MDAwMDAwMDAwMDAsInJlYWQiOjEyMDAwMDAwMDAwMDAsInVwZGF0ZSI6MTIwMDAwMDAwMDAwMH19"
        }
      ]
    },
    {
      "module": "module.security_group",
      "mode": "managed",
      "type": "aws_security_group",
      "name": "sg",
      "provider": "provider[\"registry.terraform.io/hashicorp/aws\"]",
      "instances": [
        {
          "schema_version": 1,
          "attributes": {
            "arn": "arn:aws:ec2:ap-south-1:194978441177:security-group/sg-0b1fa98424a320271",
            "description": "Managed by Terraform",
            "egress": [
              {
                "cidr_blocks": [
                  "0.0.0.0/0"
                ],
                "description": "",
                "from_port": 0,
                "ipv6_cidr_blocks": [],
                "prefix_list_ids": [],
                "protocol": "-1",
                "security_groups": [],
                "self": false,
                "to_port": 0
              }
            ],
            "id": "sg-0b1fa98424a320271",
            "ingress": [
              {
                "cidr_blocks": [
                  "0.0.0.0/0"
                ],
                "description": "",
                "from_port": 22,
                "ipv6_cidr_blocks": [],
                "prefix_list_ids": [],
                "protocol": "tcp",
                "security_groups": [],
                "self": false,
                "to_port": 22
              }
            ],
            "name": "qa-sg",
            "name_prefix": "",
            "owner_id": "194978441177",
            "revoke_rules_on_delete": false,
            "tags": {
              "Name": "qa-sg"
            },
            "tags_all": {
              "Name": "qa-sg"
            },
            "timeouts": null,
            "vpc_id": "vpc-0f99094bd0fcf5029"
          },
          "sensitive_attributes": [],
          "private": "eyJlMmJmYjczMC1lY2FhLTExZTYtOGY4OC0zNDM2M2JjN2M0YzAiOnsiY3JlYXRlIjo2MDAwMDAwMDAwMDAsImRlbGV0ZSI6OTAwMDAwMDAwMDAwfSwic2NoZW1hX3ZlcnNpb24iOiIxIn0=",
          "dependencies": [
            "module.vpc.aws_vpc.qa-main"
          ]
        }
      ]
    },
    {
      "module": "module.vpc",
      "mode": "managed",
      "type": "aws_vpc",
      "name": "qa-main",
      "provider": "provider[\"registry.terraform.io/hashicorp/aws\"]",
      "instances": [
        {
          "schema_version": 1,
          "attributes": {
            "arn": "arn:aws:ec2:ap-south-1:194978441177:vpc/vpc-0f99094bd0fcf5029",
            "assign_generated_ipv6_cidr_block": false,
            "cidr_block": "10.22.0.0/16",
            "default_network_acl_id": "acl-01c4a1156ffb76d34",
            "default_route_table_id": "rtb-03ca48326306d636f",
            "default_security_group_id": "sg-0618391ffc80d7507",
            "dhcp_options_id": "dopt-04ef630ab0c25d381",
            "enable_dns_hostnames": true,
            "enable_dns_support": true,
            "enable_network_address_usage_metrics": false,
            "id": "vpc-0f99094bd0fcf5029",
            "instance_tenancy": "default",
            "ipv4_ipam_pool_id": null,
            "ipv4_netmask_length": null,
            "ipv6_association_id": "",
            "ipv6_cidr_block": "",
            "ipv6_cidr_block_network_border_group": "",
            "ipv6_ipam_pool_id": "",
            "ipv6_netmask_length": 0,
            "main_route_table_id": "rtb-03ca48326306d636f",
            "owner_id": "194978441177",
            "tags": {
              "Name": "022.QA-VPC"
            },
            "tags_all": {
              "Name": "022.QA-VPC"
            }
          },
          "sensitive_attributes": [],
          "private": "eyJzY2hlbWFfdmVyc2lvbiI6IjEifQ=="
        }
      ]
    },
    {
      "module": "module.vpc-subnets",
      "mode": "data",
      "type": "aws_availability_zones",
      "name": "available_zone",
      "provider": "provider[\"registry.terraform.io/hashicorp/aws\"]",
      "instances": [
        {
          "schema_version": 0,
          "attributes": {
            "all_availability_zones": null,
            "exclude_names": null,
            "exclude_zone_ids": null,
            "filter": null,
            "group_names": [
              "ap-south-1"
            ],
            "id": "ap-south-1",
            "names": [
              "ap-south-1a",
              "ap-south-1b",
              "ap-south-1c"
            ],
            "state": null,
            "timeouts": null,
            "zone_ids": [
              "aps1-az1",
              "aps1-az3",
              "aps1-az2"
            ]
          },
          "sensitive_attributes": []
        }
      ]
    },
    {
      "module": "module.vpc-subnets",
      "mode": "managed",
      "type": "aws_subnet",
      "name": "backend_private_subnet_01",
      "provider": "provider[\"registry.terraform.io/hashicorp/aws\"]",
      "instances": [
        {
          "schema_version": 1,
          "attributes": {
            "arn": "arn:aws:ec2:ap-south-1:194978441177:subnet/subnet-068025a144e768809",
            "assign_ipv6_address_on_creation": false,
            "availability_zone": "ap-south-1a",
            "availability_zone_id": "aps1-az1",
            "cidr_block": "10.22.21.0/24",
            "customer_owned_ipv4_pool": "",
            "enable_dns64": false,
            "enable_lni_at_device_index": 0,
            "enable_resource_name_dns_a_record_on_launch": false,
            "enable_resource_name_dns_aaaa_record_on_launch": false,
            "id": "subnet-068025a144e768809",
            "ipv6_cidr_block": "",
            "ipv6_cidr_block_association_id": "",
            "ipv6_native": false,
            "map_customer_owned_ip_on_launch": false,
            "map_public_ip_on_launch": false,
            "outpost_arn": "",
            "owner_id": "194978441177",
            "private_dns_hostname_type_on_launch": "ip-name",
            "tags": {
              "Name": "022.QA-VPC-private-subnet-az1"
            },
            "tags_all": {
              "Name": "022.QA-VPC-private-subnet-az1"
            },
            "timeouts": null,
            "vpc_id": "vpc-0f99094bd0fcf5029"
          },
          "sensitive_attributes": [],
          "private": "eyJlMmJmYjczMC1lY2FhLTExZTYtOGY4OC0zNDM2M2JjN2M0YzAiOnsiY3JlYXRlIjo2MDAwMDAwMDAwMDAsImRlbGV0ZSI6MTIwMDAwMDAwMDAwMH0sInNjaGVtYV92ZXJzaW9uIjoiMSJ9",
          "dependencies": [
            "module.vpc-subnets.data.aws_availability_zones.available_zone",
            "module.vpc.aws_vpc.qa-main"
          ]
        }
      ]
    },
    {
      "module": "module.vpc-subnets",
      "mode": "managed",
      "type": "aws_subnet",
      "name": "backend_private_subnet_02",
      "provider": "provider[\"registry.terraform.io/hashicorp/aws\"]",
      "instances": [
        {
          "schema_version": 1,
          "attributes": {
            "arn": "arn:aws:ec2:ap-south-1:194978441177:subnet/subnet-0a590ef696f23fc77",
            "assign_ipv6_address_on_creation": false,
            "availability_zone": "ap-south-1b",
            "availability_zone_id": "aps1-az3",
            "cidr_block": "10.22.22.0/24",
            "customer_owned_ipv4_pool": "",
            "enable_dns64": false,
            "enable_lni_at_device_index": 0,
            "enable_resource_name_dns_a_record_on_launch": false,
            "enable_resource_name_dns_aaaa_record_on_launch": false,
            "id": "subnet-0a590ef696f23fc77",
            "ipv6_cidr_block": "",
            "ipv6_cidr_block_association_id": "",
            "ipv6_native": false,
            "map_customer_owned_ip_on_launch": false,
            "map_public_ip_on_launch": false,
            "outpost_arn": "",
            "owner_id": "194978441177",
            "private_dns_hostname_type_on_launch": "ip-name",
            "tags": {
              "Name": "022.QA-VPC-private-subnet-az2"
            },
            "tags_all": {
              "Name": "022.QA-VPC-private-subnet-az2"
            },
            "timeouts": null,
            "vpc_id": "vpc-0f99094bd0fcf5029"
          },
          "sensitive_attributes": [],
          "private": "eyJlMmJmYjczMC1lY2FhLTExZTYtOGY4OC0zNDM2M2JjN2M0YzAiOnsiY3JlYXRlIjo2MDAwMDAwMDAwMDAsImRlbGV0ZSI6MTIwMDAwMDAwMDAwMH0sInNjaGVtYV92ZXJzaW9uIjoiMSJ9",
          "dependencies": [
            "module.vpc-subnets.data.aws_availability_zones.available_zone",
            "module.vpc.aws_vpc.qa-main"
          ]
        }
      ]
    },
    {
      "module": "module.vpc-subnets",
      "mode": "managed",
      "type": "aws_subnet",
      "name": "public_subnet_bastian_az_01",
      "provider": "provider[\"registry.terraform.io/hashicorp/aws\"]",
      "instances": [
        {
          "schema_version": 1,
          "attributes": {
            "arn": "arn:aws:ec2:ap-south-1:194978441177:subnet/subnet-043eb9c60cb6f2c53",
            "assign_ipv6_address_on_creation": false,
            "availability_zone": "ap-south-1a",
            "availability_zone_id": "aps1-az1",
            "cidr_block": "10.22.101.0/24",
            "customer_owned_ipv4_pool": "",
            "enable_dns64": false,
            "enable_lni_at_device_index": 0,
            "enable_resource_name_dns_a_record_on_launch": false,
            "enable_resource_name_dns_aaaa_record_on_launch": false,
            "id": "subnet-043eb9c60cb6f2c53",
            "ipv6_cidr_block": "",
            "ipv6_cidr_block_association_id": "",
            "ipv6_native": false,
            "map_customer_owned_ip_on_launch": false,
            "map_public_ip_on_launch": true,
            "outpost_arn": "",
            "owner_id": "194978441177",
            "private_dns_hostname_type_on_launch": "ip-name",
            "tags": {
              "Name": "022.QA-VPC-public-subnet-bastian-az1"
            },
            "tags_all": {
              "Name": "022.QA-VPC-public-subnet-bastian-az1"
            },
            "timeouts": null,
            "vpc_id": "vpc-0f99094bd0fcf5029"
          },
          "sensitive_attributes": [],
          "private": "eyJlMmJmYjczMC1lY2FhLTExZTYtOGY4OC0zNDM2M2JjN2M0YzAiOnsiY3JlYXRlIjo2MDAwMDAwMDAwMDAsImRlbGV0ZSI6MTIwMDAwMDAwMDAwMH0sInNjaGVtYV92ZXJzaW9uIjoiMSJ9",
          "dependencies": [
            "module.vpc-subnets.data.aws_availability_zones.available_zone",
            "module.vpc.aws_vpc.qa-main"
          ]
        }
      ]
    },
    {
      "module": "module.vpc-subnets",
      "mode": "managed",
      "type": "aws_subnet",
      "name": "web_public_subnet_01",
      "provider": "provider[\"registry.terraform.io/hashicorp/aws\"]",
      "instances": [
        {
          "schema_version": 1,
          "attributes": {
            "arn": "arn:aws:ec2:ap-south-1:194978441177:subnet/subnet-032b5fb83dc45e04f",
            "assign_ipv6_address_on_creation": false,
            "availability_zone": "ap-south-1a",
            "availability_zone_id": "aps1-az1",
            "cidr_block": "10.22.11.0/24",
            "customer_owned_ipv4_pool": "",
            "enable_dns64": false,
            "enable_lni_at_device_index": 0,
            "enable_resource_name_dns_a_record_on_launch": false,
            "enable_resource_name_dns_aaaa_record_on_launch": false,
            "id": "subnet-032b5fb83dc45e04f",
            "ipv6_cidr_block": "",
            "ipv6_cidr_block_association_id": "",
            "ipv6_native": false,
            "map_customer_owned_ip_on_launch": false,
            "map_public_ip_on_launch": true,
            "outpost_arn": "",
            "owner_id": "194978441177",
            "private_dns_hostname_type_on_launch": "ip-name",
            "tags": {
              "Name": "022.QA-VPC-public-subnet-az1"
            },
            "tags_all": {
              "Name": "022.QA-VPC-public-subnet-az1"
            },
            "timeouts": null,
            "vpc_id": "vpc-0f99094bd0fcf5029"
          },
          "sensitive_attributes": [],
          "private": "eyJlMmJmYjczMC1lY2FhLTExZTYtOGY4OC0zNDM2M2JjN2M0YzAiOnsiY3JlYXRlIjo2MDAwMDAwMDAwMDAsImRlbGV0ZSI6MTIwMDAwMDAwMDAwMH0sInNjaGVtYV92ZXJzaW9uIjoiMSJ9",
          "dependencies": [
            "module.vpc-subnets.data.aws_availability_zones.available_zone",
            "module.vpc.aws_vpc.qa-main"
          ]
        }
      ]
    },
    {
      "module": "module.vpc-subnets",
      "mode": "managed",
      "type": "aws_subnet",
      "name": "web_public_subnet_02",
      "provider": "provider[\"registry.terraform.io/hashicorp/aws\"]",
      "instances": [
        {
          "schema_version": 1,
          "attributes": {
            "arn": "arn:aws:ec2:ap-south-1:194978441177:subnet/subnet-077d3c49d5d5d85b3",
            "assign_ipv6_address_on_creation": false,
            "availability_zone": "ap-south-1b",
            "availability_zone_id": "aps1-az3",
            "cidr_block": "10.22.12.0/24",
            "customer_owned_ipv4_pool": "",
            "enable_dns64": false,
            "enable_lni_at_device_index": 0,
            "enable_resource_name_dns_a_record_on_launch": false,
            "enable_resource_name_dns_aaaa_record_on_launch": false,
            "id": "subnet-077d3c49d5d5d85b3",
            "ipv6_cidr_block": "",
            "ipv6_cidr_block_association_id": "",
            "ipv6_native": false,
            "map_customer_owned_ip_on_launch": false,
            "map_public_ip_on_launch": true,
            "outpost_arn": "",
            "owner_id": "194978441177",
            "private_dns_hostname_type_on_launch": "ip-name",
            "tags": {
              "Name": "022.QA-VPC-public-subnet-az2"
            },
            "tags_all": {
              "Name": "022.QA-VPC-public-subnet-az2"
            },
            "timeouts": null,
            "vpc_id": "vpc-0f99094bd0fcf5029"
          },
          "sensitive_attributes": [],
          "private": "eyJlMmJmYjczMC1lY2FhLTExZTYtOGY4OC0zNDM2M2JjN2M0YzAiOnsiY3JlYXRlIjo2MDAwMDAwMDAwMDAsImRlbGV0ZSI6MTIwMDAwMDAwMDAwMH0sInNjaGVtYV92ZXJzaW9uIjoiMSJ9",
          "dependencies": [
            "module.vpc-subnets.data.aws_availability_zones.available_zone",
            "module.vpc.aws_vpc.qa-main"
          ]
        }
      ]
    }
  ],
  "check_results": null
}
